
Microsoft Visual Studio Solution File, Format Version 12.00
# Visual Studio Version 17
VisualStudioVersion = 17.5.33414.496
MinimumVisualStudioVersion = 10.0.40219.1
Project("{FAE04EC0-301F-11D3-BF4B-00C04F79EFBC}") = "Middleware", "Middleware\Middleware.csproj", "{36862584-70DE-4A68-AA73-C38177AEF77B}"
EndProject
Global
	GlobalSection(SolutionConfigurationPlatforms) = preSolution
		Debug|Any CPU = Debug|Any CPU
		Release|Any CPU = Release|Any CPU
	EndGlobalSection
	GlobalSection(ProjectConfigurationPlatforms) = postSolution
		{36862584-70DE-4A68-AA73-C38177AEF77B}.Debug|Any CPU.ActiveCfg = Debug|Any CPU
		{36862584-70DE-4A68-AA73-C38177AEF77B}.Debug|Any CPU.Build.0 = Debug|Any CPU
		{36862584-70DE-4A68-AA73-C38177AEF77B}.Release|Any CPU.ActiveCfg = Release|Any CPU
		{36862584-70DE-4A68-AA73-C38177AEF77B}.Release|Any CPU.Build.0 = Release|Any CPU
	EndGlobalSection
	GlobalSection(SolutionProperties) = preSolution
		HideSolutionNode = FALSE
	EndGlobalSection
	GlobalSection(ExtensibilityGlobals) = postSolution
		SolutionGuid = {86FEFF51-DBA7-451F-B7E7-24F745F183B2}
	EndGlobalSection
EndGlobal
